// !$*UTF8*$!
{
	archiveVersion = 1;
	classes = {
	};
	objectVersion = 50;
	objects = {

/* Begin PBXBuildFile section */
		D1720AD72491C4A000C8A03C /* AppDelegate.m in Sources */ = {isa = PBXBuildFile; fileRef = D1720AD62491C4A000C8A03C /* AppDelegate.m */; };
		D1720ADA2491C4A000C8A03C /* SceneDelegate.m in Sources */ = {isa = PBXBuildFile; fileRef = D1720AD92491C4A000C8A03C /* SceneDelegate.m */; };
		D1720ADD2491C4A000C8A03C /* ViewController.m in Sources */ = {isa = PBXBuildFile; fileRef = D1720ADC2491C4A000C8A03C /* ViewController.m */; };
		D1720AE02491C4A000C8A03C /* Main.storyboard in Resources */ = {isa = PBXBuildFile; fileRef = D1720ADE2491C4A000C8A03C /* Main.storyboard */; };
		D1720AE22491C4A500C8A03C /* Assets.xcassets in Resources */ = {isa = PBXBuildFile; fileRef = D1720AE12491C4A500C8A03C /* Assets.xcassets */; };
		D1720AE52491C4A500C8A03C /* LaunchScreen.storyboard in Resources */ = {isa = PBXBuildFile; fileRef = D1720AE32491C4A500C8A03C /* LaunchScreen.storyboard */; };
		D1720AE82491C4A500C8A03C /* main.m in Sources */ = {isa = PBXBuildFile; fileRef = D1720AE72491C4A500C8A03C /* main.m */; };
		D1720AF22491C4A600C8A03C /* ddemoTests.m in Sources */ = {isa = PBXBuildFile; fileRef = D1720AF12491C4A600C8A03C /* ddemoTests.m */; };
		D1720AFD2491C4A600C8A03C /* ddemoUITests.m in Sources */ = {isa = PBXBuildFile; fileRef = D1720AFC2491C4A600C8A03C /* ddemoUITests.m */; };
/* End PBXBuildFile section */

/* Begin PBXContainerItemProxy section */
		D1720AEE2491C4A600C8A03C /* PBXContainerItemProxy */ = {
			isa = PBXContainerItemProxy;
			containerPortal = D1720ACA2491C4A000C8A03C /* Project object */;
			proxyType = 1;
			remoteGlobalIDString = D1720AD12491C4A000C8A03C;
			remoteInfo = ddemo;
		};
		D1720AF92491C4A600C8A03C /* PBXContainerItemProxy */ = {
			isa = PBXContainerItemProxy;
			containerPortal = D1720ACA2491C4A000C8A03C /* Project object */;
			proxyType = 1;
			remoteGlobalIDString = D1720AD12491C4A000C8A03C;
			remoteInfo = ddemo;
		};
/* End PBXContainerItemProxy section */

/* Begin PBXFileReference section */
		D1720AD22491C4A000C8A03C /* ddemo.app */ = {isa = PBXFileReference; explicitFileType = wrapper.application; includeInIndex = 0; path = ddemo.app; sourceTree = BUILT_PRODUCTS_DIR; };
		D1720AD52491C4A000C8A03C /* AppDelegate.h */ = {isa = PBXFileReference; lastKnownFileType = sourcecode.c.h; path = AppDelegate.h; sourceTree = "<group>"; };
		D1720AD62491C4A000C8A03C /* AppDelegate.m */ = {isa = PBXFileReference; lastKnownFileType = sourcecode.c.objc; path = AppDelegate.m; sourceTree = "<group>"; };
		D1720AD82491C4A000C8A03C /* SceneDelegate.h */ = {isa = PBXFileReference; lastKnownFileType = sourcecode.c.h; path = SceneDelegate.h; sourceTree = "<group>"; };
		D1720AD92491C4A000C8A03C /* SceneDelegate.m */ = {isa = PBXFileReference; lastKnownFileType = sourcecode.c.objc; path = SceneDelegate.m; sourceTree = "<group>"; };
		D1720ADB2491C4A000C8A03C /* ViewController.h */ = {isa = PBXFileReference; lastKnownFileType = sourcecode.c.h; path = ViewController.h; sourceTree = "<group>"; };
		D1720ADC2491C4A000C8A03C /* ViewController.m */ = {isa = PBXFileReference; lastKnownFileType = sourcecode.c.objc; path = ViewController.m; sourceTree = "<group>"; };
		D1720ADF2491C4A000C8A03C /* Base */ = {isa = PBXFileReference; lastKnownFileType = file.storyboard; name = Base; path = Base.lproj/Main.storyboard; sourceTree = "<group>"; };
		D1720AE12491C4A500C8A03C /* Assets.xcassets */ = {isa = PBXFileReference; lastKnownFileType = folder.assetcatalog; path = Assets.xcassets; sourceTree = "<group>"; };
		D1720AE42491C4A500C8A03C /* Base */ = {isa = PBXFileReference; lastKnownFileType = file.storyboard; name = Base; path = Base.lproj/LaunchScreen.storyboard; sourceTree = "<group>"; };
		D1720AE62491C4A500C8A03C /* Info.plist */ = {isa = PBXFileReference; lastKnownFileType = text.plist.xml; path = Info.plist; sourceTree = "<group>"; };
		D1720AE72491C4A500C8A03C /* main.m */ = {isa = PBXFileReference; lastKnownFileType = sourcecode.c.objc; path = main.m; sourceTree = "<group>"; };
		D1720AED2491C4A600C8A03C /* ddemoTests.xctest */ = {isa = PBXFileReference; explicitFileType = wrapper.cfbundle; includeInIndex = 0; path = ddemoTests.xctest; sourceTree = BUILT_PRODUCTS_DIR; };
		D1720AF12491C4A600C8A03C /* ddemoTests.m */ = {isa = PBXFileReference; lastKnownFileType = sourcecode.c.objc; path = ddemoTests.m; sourceTree = "<group>"; };
		D1720AF32491C4A600C8A03C /* Info.plist */ = {isa = PBXFileReference; lastKnownFileType = text.plist.xml; path = Info.plist; sourceTree = "<group>"; };
		D1720AF82491C4A600C8A03C /* ddemoUITests.xctest */ = {isa = PBXFileReference; explicitFileType = wrapper.cfbundle; includeInIndex = 0; path = ddemoUITests.xctest; sourceTree = BUILT_PRODUCTS_DIR; };
		D1720AFC2491C4A600C8A03C /* ddemoUITests.m */ = {isa = PBXFileReference; lastKnownFileType = sourcecode.c.objc; path = ddemoUITests.m; sourceTree = "<group>"; };
		D1720AFE2491C4A600C8A03C /* Info.plist */ = {isa = PBXFileReference; lastKnownFileType = text.plist.xml; path = Info.plist; sourceTree = "<group>"; };
/* End PBXFileReference section */

/* Begin PBXFrameworksBuildPhase section */
		D1720ACF2491C4A000C8A03C /* Frameworks */ = {
			isa = PBXFrameworksBuildPhase;
			buildActionMask = 2147483647;
			files = (
			);
			runOnlyForDeploymentPostprocessing = 0;
		};
		D1720AEA2491C4A600C8A03C /* Frameworks */ = {
			isa = PBXFrameworksBuildPhase;
			buildActionMask = 2147483647;
			files = (
			);
			runOnlyForDeploymentPostprocessing = 0;
		};
		D1720AF52491C4A600C8A03C /* Frameworks */ = {
			isa = PBXFrameworksBuildPhase;
			buildActionMask = 2147483647;
			files = (
			);
			runOnlyForDeploymentPostprocessing = 0;
		};
/* End PBXFrameworksBuildPhase section */

/* Begin PBXGroup section */
		D1720AC92491C4A000C8A03C = {
			isa = PBXGroup;
			children = (
				D1720AD42491C4A000C8A03C /* ddemo */,
				D1720AF02491C4A600C8A03C /* ddemoTests */,
				D1720AFB2491C4A600C8A03C /* ddemoUITests */,
				D1720AD32491C4A000C8A03C /* Products */,
			);
			sourceTree = "<group>";
		};
		D1720AD32491C4A000C8A03C /* Products */ = {
			isa = PBXGroup;
			children = (
				D1720AD22491C4A000C8A03C /* ddemo.app */,
				D1720AED2491C4A600C8A03C /* ddemoTests.xctest */,
				D1720AF82491C4A600C8A03C /* ddemoUITests.xctest */,
			);
			name = Products;
			sourceTree = "<group>";
		};
		D1720AD42491C4A000C8A03C /* ddemo */ = {
			isa = PBXGroup;
			children = (
				D1720AD52491C4A000C8A03C /* AppDelegate.h */,
				D1720AD62491C4A000C8A03C /* AppDelegate.m */,
				D1720AD82491C4A000C8A03C /* SceneDelegate.h */,
				D1720AD92491C4A000C8A03C /* SceneDelegate.m */,
				D1720ADB2491C4A000C8A03C /* ViewController.h */,
				D1720ADC2491C4A000C8A03C /* ViewController.m */,
				D1720ADE2491C4A000C8A03C /* Main.storyboard */,
				D1720AE12491C4A500C8A03C /* Assets.xcassets */,
				D1720AE32491C4A500C8A03C /* LaunchScreen.storyboard */,
				D1720AE62491C4A500C8A03C /* Info.plist */,
				D1720AE72491C4A500C8A03C /* main.m */,
			);
			path = ddemo;
			sourceTree = "<group>";
		};
		D1720AF02491C4A600C8A03C /* ddemoTests */ = {
			isa = PBXGroup;
			children = (
				D1720AF12491C4A600C8A03C /* ddemoTests.m */,
				D1720AF32491C4A600C8A03C /* Info.plist */,
			);
			path = ddemoTests;
			sourceTree = "<group>";
		};
		D1720AFB2491C4A600C8A03C /* ddemoUITests */ = {
			isa = PBXGroup;
			children = (
				D1720AFC2491C4A600C8A03C /* ddemoUITests.m */,
				D1720AFE2491C4A600C8A03C /* Info.plist */,
			);
			path = ddemoUITests;
			sourceTree = "<group>";
		};
/* End PBXGroup section */

/* Begin PBXNativeTarget section */
		D1720AD12491C4A000C8A03C /* ddemo */ = {
			isa = PBXNativeTarget;
			buildConfigurationList = D1720B012491C4A600C8A03C /* Build configuration list for PBXNativeTarget "ddemo" */;
			buildPhases = (
				D1720ACE2491C4A000C8A03C /* Sources */,
				D1720ACF2491C4A000C8A03C /* Frameworks */,
				D1720AD02491C4A000C8A03C /* Resources */,
			);
			buildRules = (
			);
			dependencies = (
			);
			name = ddemo;
			productName = ddemo;
			productReference = D1720AD22491C4A000C8A03C /* ddemo.app */;
			productType = "com.apple.product-type.application";
		};
		D1720AEC2491C4A600C8A03C /* ddemoTests */ = {
			isa = PBXNativeTarget;
			buildConfigurationList = D1720B042491C4A600C8A03C /* Build configuration list for PBXNativeTarget "ddemoTests" */;
			buildPhases = (
				D1720AE92491C4A600C8A03C /* Sources */,
				D1720AEA2491C4A600C8A03C /* Frameworks */,
				D1720AEB2491C4A600C8A03C /* Resources */,
			);
			buildRules = (
			);
			dependencies = (
				D1720AEF2491C4A600C8A03C /* PBXTargetDependency */,
			);
			name = ddemoTests;
			productName = ddemoTests;
			productReference = D1720AED2491C4A600C8A03C /* ddemoTests.xctest */;
			productType = "com.apple.product-type.bundle.unit-test";
		};
		D1720AF72491C4A600C8A03C /* ddemoUITests */ = {
			isa = PBXNativeTarget;
			buildConfigurationList = D1720B072491C4A600C8A03C /* Build configuration list for PBXNativeTarget "ddemoUITests" */;
			buildPhases = (
				D1720AF42491C4A600C8A03C /* Sources */,
				D1720AF52491C4A600C8A03C /* Frameworks */,
				D1720AF62491C4A600C8A03C /* Resources */,
			);
			buildRules = (
			);
			dependencies = (
				D1720AFA2491C4A600C8A03C /* PBXTargetDependency */,
			);
			name = ddemoUITests;
			productName = ddemoUITests;
			productReference = D1720AF82491C4A600C8A03C /* ddemoUITests.xctest */;
			productType = "com.apple.product-type.bundle.ui-testing";
		};
/* End PBXNativeTarget section */

/* Begin PBXProject section */
		D1720ACA2491C4A000C8A03C /* Project object */ = {
			isa = PBXProject;
			attributes = {
				LastUpgradeCheck = 1150;
				ORGANIZATIONNAME = "王达达";
				TargetAttributes = {
					D1720AD12491C4A000C8A03C = {
						CreatedOnToolsVersion = 11.5;
					};
					D1720AEC2491C4A600C8A03C = {
						CreatedOnToolsVersion = 11.5;
						TestTargetID = D1720AD12491C4A000C8A03C;
					};
					D1720AF72491C4A600C8A03C = {
						CreatedOnToolsVersion = 11.5;
						TestTargetID = D1720AD12491C4A000C8A03C;
					};
				};
			};
			buildConfigurationList = D1720ACD2491C4A000C8A03C /* Build configuration list for PBXProject "ddemo" */;
			compatibilityVersion = "Xcode 9.3";
			developmentRegion = en;
			hasScannedForEncodings = 0;
			knownRegions = (
				en,
				Base,
			);
			mainGroup = D1720AC92491C4A000C8A03C;
			productRefGroup = D1720AD32491C4A000C8A03C /* Products */;
			projectDirPath = "";
			projectRoot = "";
			targets = (
				D1720AD12491C4A000C8A03C /* ddemo */,
				D1720AEC2491C4A600C8A03C /* ddemoTests */,
				D1720AF72491C4A600C8A03C /* ddemoUITests */,
			);
		};
/* End PBXProject section */

/* Begin PBXResourcesBuildPhase section */
		D1720AD02491C4A000C8A03C /* Resources */ = {
			isa = PBXResourcesBuildPhase;
			buildActionMask = 2147483647;
			files = (
				D1720AE52491C4A500C8A03C /* LaunchScreen.storyboard in Resources */,
				D1720AE22491C4A500C8A03C /* Assets.xcassets in Resources */,
				D1720AE02491C4A000C8A03C /* Main.storyboard in Resources */,
			);
			runOnlyForDeploymentPostprocessing = 0;
		};
		D1720AEB2491C4A600C8A03C /* Resources */ = {
			isa = PBXResourcesBuildPhase;
			buildActionMask = 2147483647;
			files = (
			);
			runOnlyForDeploymentPostprocessing = 0;
		};
		D1720AF62491C4A600C8A03C /* Resources */ = {
			isa = PBXResourcesBuildPhase;
			buildActionMask = 2147483647;
			files = (
			);
			runOnlyForDeploymentPostprocessing = 0;
		};
/* End PBXResourcesBuildPhase section */

/* Begin PBXSourcesBuildPhase section */
		D1720ACE2491C4A000C8A03C /* Sources */ = {
			isa = PBXSourcesBuildPhase;
			buildActionMask = 2147483647;
			files = (
				D1720ADD2491C4A000C8A03C /* ViewController.m in Sources */,
				D1720AD72491C4A000C8A03C /* AppDelegate.m in Sources */,
				D1720AE82491C4A500C8A03C /* main.m in Sources */,
				D1720ADA2491C4A000C8A03C /* SceneDelegate.m in Sources */,
			);
			runOnlyForDeploymentPostprocessing = 0;
		};
		D1720AE92491C4A600C8A03C /* Sources */ = {
			isa = PBXSourcesBuildPhase;
			buildActionMask = 2147483647;
			files = (
				D1720AF22491C4A600C8A03C /* ddemoTests.m in Sources */,
			);
			runOnlyForDeploymentPostprocessing = 0;
		};
		D1720AF42491C4A600C8A03C /* Sources */ = {
			isa = PBXSourcesBuildPhase;
			buildActionMask = 2147483647;
			files = (
				D1720AFD2491C4A600C8A03C /* ddemoUITests.m in Sources */,
			);
			runOnlyForDeploymentPostprocessing = 0;
		};
/* End PBXSourcesBuildPhase section */

/* Begin PBXTargetDependency section */
		D1720AEF2491C4A600C8A03C /* PBXTargetDependency */ = {
			isa = PBXTargetDependency;
			target = D1720AD12491C4A000C8A03C /* ddemo */;
			targetProxy = D1720AEE2491C4A600C8A03C /* PBXContainerItemProxy */;
		};
		D1720AFA2491C4A600C8A03C /* PBXTargetDependency */ = {
			isa = PBXTargetDependency;
			target = D1720AD12491C4A000C8A03C /* ddemo */;
			targetProxy = D1720AF92491C4A600C8A03C /* PBXContainerItemProxy */;
		};
/* End PBXTargetDependency section */

/* Begin PBXVariantGroup section */
		D1720ADE2491C4A000C8A03C /* Main.storyboard */ = {
			isa = PBXVariantGroup;
			children = (
				D1720ADF2491C4A000C8A03C /* Base */,
			);
			name = Main.storyboard;
			sourceTree = "<group>";
		};
		D1720AE32491C4A500C8A03C /* LaunchScreen.storyboard */ = {
			isa = PBXVariantGroup;
			children = (
				D1720AE42491C4A500C8A03C /* Base */,
			);
			name = LaunchScreen.storyboard;
			sourceTree = "<group>";
		};
/* End PBXVariantGroup section */

/* Begin XCBuildConfiguration section */
		D1720AFF2491C4A600C8A03C /* Debug */ = {
			isa = XCBuildConfiguration;
			buildSettings = {
				ALWAYS_SEARCH_USER_PATHS = NO;
				CLANG_ANALYZER_NONNULL = YES;
				CLANG_ANALYZER_NUMBER_OBJECT_CONVERSION = YES_AGGRESSIVE;
				CLANG_CXX_LANGUAGE_STANDARD = "gnu++14";
				CLANG_CXX_LIBRARY = "libc++";
				CLANG_ENABLE_MODULES = YES;
				CLANG_ENABLE_OBJC_ARC = YES;
				CLANG_ENABLE_OBJC_WEAK = YES;
				CLANG_WARN_BLOCK_CAPTURE_AUTORELEASING = YES;
				CLANG_WARN_BOOL_CONVERSION = YES;
				CLANG_WARN_COMMA = YES;
				CLANG_WARN_CONSTANT_CONVERSION = YES;
				CLANG_WARN_DEPRECATED_OBJC_IMPLEMENTATIONS = YES;
				CLANG_WARN_DIRECT_OBJC_ISA_USAGE = YES_ERROR;
				CLANG_WARN_DOCUMENTATION_COMMENTS = YES;
				CLANG_WARN_EMPTY_BODY = YES;
				CLANG_WARN_ENUM_CONVERSION = YES;
				CLANG_WARN_INFINITE_RECURSION = YES;
				CLANG_WARN_INT_CONVERSION = YES;
				CLANG_WARN_NON_LITERAL_NULL_CONVERSION = YES;
				CLANG_WARN_OBJC_IMPLICIT_RETAIN_SELF = YES;
				CLANG_WARN_OBJC_LITERAL_CONVERSION = YES;
				CLANG_WARN_OBJC_ROOT_CLASS = YES_ERROR;
				CLANG_WARN_RANGE_LOOP_ANALYSIS = YES;
				CLANG_WARN_STRICT_PROTOTYPES = YES;
				CLANG_WARN_SUSPICIOUS_MOVE = YES;
				CLANG_WARN_UNGUARDED_AVAILABILITY = YES_AGGRESSIVE;
				CLANG_WARN_UNREACHABLE_CODE = YES;
				CLANG_WARN__DUPLICATE_METHOD_MATCH = YES;
				COPY_PHASE_STRIP = NO;
				DEBUG_INFORMATION_FORMAT = dwarf;
				ENABLE_STRICT_OBJC_MSGSEND = YES;
				ENABLE_TESTABILITY = YES;
				GCC_C_LANGUAGE_STANDARD = gnu11;
				GCC_DYNAMIC_NO_PIC = NO;
				GCC_NO_COMMON_BLOCKS = YES;
				GCC_OPTIMIZATION_LEVEL = 0;
				GCC_PREPROCESSOR_DEFINITIONS = (
					"DEBUG=1",
					"$(inherited)",
				);
				GCC_WARN_64_TO_32_BIT_CONVERSION = YES;
				GCC_WARN_ABOUT_RETURN_TYPE = YES_ERROR;
				GCC_WARN_UNDECLARED_SELECTOR = YES;
				GCC_WARN_UNINITIALIZED_AUTOS = YES_AGGRESSIVE;
				GCC_WARN_UNUSED_FUNCTION = YES;
				GCC_WARN_UNUSED_VARIABLE = YES;
				IPHONEOS_DEPLOYMENT_TARGET = 13.5;
				MTL_ENABLE_DEBUG_INFO = INCLUDE_SOURCE;
				MTL_FAST_MATH = YES;
				ONLY_ACTIVE_ARCH = YES;
				SDKROOT = iphoneos;
			};
			name = Debug;
		};
		D1720B002491C4A600C8A03C /* Release */ = {
			isa = XCBuildConfiguration;
			buildSettings = {
				ALWAYS_SEARCH_USER_PATHS = NO;
				CLANG_ANALYZER_NONNULL = YES;
				CLANG_ANALYZER_NUMBER_OBJECT_CONVERSION = YES_AGGRESSIVE;
				CLANG_CXX_LANGUAGE_STANDARD = "gnu++14";
				CLANG_CXX_LIBRARY = "libc++";
				CLANG_ENABLE_MODULES = YES;
				CLANG_ENABLE_OBJC_ARC = YES;
				CLANG_ENABLE_OBJC_WEAK = YES;
				CLANG_WARN_BLOCK_CAPTURE_AUTORELEASING = YES;
				CLANG_WARN_BOOL_CONVERSION = YES;
				CLANG_WARN_COMMA = YES;
				CLANG_WARN_CONSTANT_CONVERSION = YES;
				CLANG_WARN_DEPRECATED_OBJC_IMPLEMENTATIONS = YES;
				CLANG_WARN_DIRECT_OBJC_ISA_USAGE = YES_ERROR;
				CLANG_WARN_DOCUMENTATION_COMMENTS = YES;
				CLANG_WARN_EMPTY_BODY = YES;
				CLANG_WARN_ENUM_CONVERSION = YES;
				CLANG_WARN_INFINITE_RECURSION = YES;
				CLANG_WARN_INT_CONVERSION = YES;
				CLANG_WARN_NON_LITERAL_NULL_CONVERSION = YES;
				CLANG_WARN_OBJC_IMPLICIT_RETAIN_SELF = YES;
				CLANG_WARN_OBJC_LITERAL_CONVERSION = YES;
				CLANG_WARN_OBJC_ROOT_CLASS = YES_ERROR;
				CLANG_WARN_RANGE_LOOP_ANALYSIS = YES;
				CLANG_WARN_STRICT_PROTOTYPES = YES;
				CLANG_WARN_SUSPICIOUS_MOVE = YES;
				CLANG_WARN_UNGUARDED_AVAILABILITY = YES_AGGRESSIVE;
				CLANG_WARN_UNREACHABLE_CODE = YES;
				CLANG_WARN__DUPLICATE_METHOD_MATCH = YES;
				COPY_PHASE_STRIP = NO;
				DEBUG_INFORMATION_FORMAT = "dwarf-with-dsym";
				ENABLE_NS_ASSERTIONS = NO;
				ENABLE_STRICT_OBJC_MSGSEND = YES;
				GCC_C_LANGUAGE_STANDARD = gnu11;
				GCC_NO_COMMON_BLOCKS = YES;
				GCC_WARN_64_TO_32_BIT_CONVERSION = YES;
				GCC_WARN_ABOUT_RETURN_TYPE = YES_ERROR;
				GCC_WARN_UNDECLARED_SELECTOR = YES;
				GCC_WARN_UNINITIALIZED_AUTOS = YES_AGGRESSIVE;
				GCC_WARN_UNUSED_FUNCTION = YES;
				GCC_WARN_UNUSED_VARIABLE = YES;
				IPHONEOS_DEPLOYMENT_TARGET = 13.5;
				MTL_ENABLE_DEBUG_INFO = NO;
				MTL_FAST_MATH = YES;
				SDKROOT = iphoneos;
				VALIDATE_PRODUCT = YES;
			};
			name = Release;
		};
		D1720B022491C4A600C8A03C /* Debug */ = {
			isa = XCBuildConfiguration;
			buildSettings = {
				ASSETCATALOG_COMPILER_APPICON_NAME = AppIcon;
				CODE_SIGN_STYLE = Automatic;
				DEVELOPMENT_TEAM = 98GU78792B;
				INFOPLIST_FILE = ddemo/Info.plist;
				LD_RUNPATH_SEARCH_PATHS = (
					"$(inherited)",
					"@executable_path/Frameworks",
				);
				PRODUCT_BUNDLE_IDENTIFIER = wdd.ddemo;
				PRODUCT_NAME = "$(TARGET_NAME)";
				TARGETED_DEVICE_FAMILY = "1,2";
			};
			name = Debug;
		};
		D1720B032491C4A600C8A03C /* Release */ = {
			isa = XCBuildConfiguration;
			buildSettings = {
				ASSETCATALOG_COMPILER_APPICON_NAME = AppIcon;
				CODE_SIGN_STYLE = Automatic;
				DEVELOPMENT_TEAM = 98GU78792B;
				INFOPLIST_FILE = ddemo/Info.plist;
				LD_RUNPATH_SEARCH_PATHS = (
					"$(inherited)",
					"@executable_path/Frameworks",
				);
				PRODUCT_BUNDLE_IDENTIFIER = wdd.ddemo;
				PRODUCT_NAME = "$(TARGET_NAME)";
				TARGETED_DEVICE_FAMILY = "1,2";
			};
			name = Release;
		};
		D1720B052491C4A600C8A03C /* Debug */ = {
			isa = XCBuildConfiguration;
			buildSettings = {
				BUNDLE_LOADER = "$(TEST_HOST)";
				CODE_SIGN_STYLE = Automatic;
				DEVELOPMENT_TEAM = 98GU78792B;
				INFOPLIST_FILE = ddemoTests/Info.plist;
				IPHONEOS_DEPLOYMENT_TARGET = 13.5;
				LD_RUNPATH_SEARCH_PATHS = (
					"$(inherited)",
					"@executable_path/Frameworks",
					"@loader_path/Frameworks",
				);
				PRODUCT_BUNDLE_IDENTIFIER = wdd.ddemoTests;
				PRODUCT_NAME = "$(TARGET_NAME)";
				TARGETED_DEVICE_FAMILY = "1,2";
				TEST_HOST = "$(BUILT_PRODUCTS_DIR)/ddemo.app/ddemo";
			};
			name = Debug;
		};
		D1720B062491C4A600C8A03C /* Release */ = {
			isa = XCBuildConfiguration;
			buildSettings = {
				BUNDLE_LOADER = "$(TEST_HOST)";
				CODE_SIGN_STYLE = Automatic;
				DEVELOPMENT_TEAM = 98GU78792B;
				INFOPLIST_FILE = ddemoTests/Info.plist;
				IPHONEOS_DEPLOYMENT_TARGET = 13.5;
				LD_RUNPATH_SEARCH_PATHS = (
					"$(inherited)",
					"@executable_path/Frameworks",
					"@loader_path/Frameworks",
				);
				PRODUCT_BUNDLE_IDENTIFIER = wdd.ddemoTests;
				PRODUCT_NAME = "$(TARGET_NAME)";
				TARGETED_DEVICE_FAMILY = "1,2";
				TEST_HOST = "$(BUILT_PRODUCTS_DIR)/ddemo.app/ddemo";
			};
			name = Release;
		};
		D1720B082491C4A600C8A03C /* Debug */ = {
			isa = XCBuildConfiguration;
			buildSettings = {
				CODE_SIGN_STYLE = Automatic;
				DEVELOPMENT_TEAM = 98GU78792B;
				INFOPLIST_FILE = ddemoUITests/Info.plist;
				LD_RUNPATH_SEARCH_PATHS = (
					"$(inherited)",
					"@executable_path/Frameworks",
					"@loader_path/Frameworks",
				);
				PRODUCT_BUNDLE_IDENTIFIER = wdd.ddemoUITests;
				PRODUCT_NAME = "$(TARGET_NAME)";
				TARGETED_DEVICE_FAMILY = "1,2";
				TEST_TARGET_NAME = ddemo;
			};
			name = Debug;
		};
		D1720B092491C4A600C8A03C /* Release */ = {
			isa = XCBuildConfiguration;
			buildSettings = {
				CODE_SIGN_STYLE = Automatic;
				DEVELOPMENT_TEAM = 98GU78792B;
				INFOPLIST_FILE = ddemoUITests/Info.plist;
				LD_RUNPATH_SEARCH_PATHS = (
					"$(inherited)",
					"@executable_path/Frameworks",
					"@loader_path/Frameworks",
				);
				PRODUCT_BUNDLE_IDENTIFIER = wdd.ddemoUITests;
				PRODUCT_NAME = "$(TARGET_NAME)";
				TARGETED_DEVICE_FAMILY = "1,2";
				TEST_TARGET_NAME = ddemo;
			};
			name = Release;
		};
/* End XCBuildConfiguration section */

/* Begin XCConfigurationList section */
		D1720ACD2491C4A000C8A03C /* Build configuration list for PBXProject "ddemo" */ = {
			isa = XCConfigurationList;
			buildConfigurations = (
				D1720AFF2491C4A600C8A03C /* Debug */,
				D1720B002491C4A600C8A03C /* Release */,
			);
			defaultConfigurationIsVisible = 0;
			defaultConfigurationName = Release;
		};
		D1720B012491C4A600C8A03C /* Build configuration list for PBXNativeTarget "ddemo" */ = {
			isa = XCConfigurationList;
			buildConfigurations = (
				D1720B022491C4A600C8A03C /* Debug */,
				D1720B032491C4A600C8A03C /* Release */,
			);
			defaultConfigurationIsVisible = 0;
			defaultConfigurationName = Release;
		};
		D1720B042491C4A600C8A03C /* Build configuration list for PBXNativeTarget "ddemoTests" */ = {
			isa = XCConfigurationList;
			buildConfigurations = (
				D1720B052491C4A600C8A03C /* Debug */,
				D1720B062491C4A600C8A03C /* Release */,
			);
			defaultConfigurationIsVisible = 0;
			defaultConfigurationName = Release;
		};
		D1720B072491C4A600C8A03C /* Build configuration list for PBXNativeTarget "ddemoUITests" */ = {
			isa = XCConfigurationList;
			buildConfigurations = (
				D1720B082491C4A600C8A03C /* Debug */,
				D1720B092491C4A600C8A03C /* Release */,
			);
			defaultConfigurationIsVisible = 0;
			defaultConfigurationName = Release;
		};
/* End XCConfigurationList section */
	};
	rootObject = D1720ACA2491C4A000C8A03C /* Project object */;
}
